
Microsoft Visual Studio Solution File, Format Version 12.00
# Visual Studio Version 16
VisualStudioVersion = 16.0.32510.428
MinimumVisualStudioVersion = 10.0.40219.1
Project("{8BC9CEB8-8B4A-11D0-8D11-00A0C91BC942}") = "Gasser_Monitor_v1", "Gasser_Monitor_v1.vcxproj", "{C5F80730-F44F-4478-BDAE-6634EFC2CA88}"
EndProject
Project("{8BC9CEB8-8B4A-11D0-8D11-00A0C91BC942}") = "Bolder_Flight_Systems_SBUS-1.0.1", "Libraries\Bolder_Flight_Systems_SBUS\1.0.1\Bolder_Flight_Systems_SBUS\Bolder_Flight_Systems_SBUS-1.0.1.vcxitems", "{CAB84AC5-C804-4B4E-9D5D-9543A6C6113F}"
EndProject
Project("{8BC9CEB8-8B4A-11D0-8D11-00A0C91BC942}") = "SdFat-2.1.0", "Libraries\SdFat\2.1.0\SdFat\SdFat-2.1.0.vcxitems", "{02228996-38AE-4BFB-8D6D-1944B7CB9BA4}"
EndProject
Project("{8BC9CEB8-8B4A-11D0-8D11-00A0C91BC942}") = "Wire-1.0", "Libraries\Wire\1.0\Wire\Wire-1.0.vcxitems", "{80ACE913-2459-435B-A1EE-CBFB398DBCE6}"
EndProject
Project("{8BC9CEB8-8B4A-11D0-8D11-00A0C91BC942}") = "SD-2.0.0", "Libraries\SD\2.0.0\SD\SD-2.0.0.vcxitems", "{2E471CEF-4F61-437E-B370-B4B127D27CA6}"
EndProject
Project("{8BC9CEB8-8B4A-11D0-8D11-00A0C91BC942}") = "SPI-1.0", "Libraries\SPI\1.0\SPI\SPI-1.0.vcxitems", "{A5E8F9B4-D62E-470A-8BF3-56F01DA6DD90}"
EndProject
Project("{8BC9CEB8-8B4A-11D0-8D11-00A0C91BC942}") = "U8g2-2.32.15", "Libraries\U8g2\2.32.15\U8g2\U8g2-2.32.15.vcxitems", "{6A78B248-D6A8-412F-87B7-54C30298D29B}"
EndProject
Project("{8BC9CEB8-8B4A-11D0-8D11-00A0C91BC942}") = "Time-1.6.1", "Libraries\Time\1.6.1\Time\Time-1.6.1.vcxitems", "{FB9271D8-DD8D-45FE-B857-B2527580428B}"
EndProject
Global
	GlobalSection(SharedMSBuildProjectFiles) = preSolution
		Libraries\SdFat\2.1.0\SdFat\SdFat-2.1.0.vcxitems*{02228996-38ae-4bfb-8d6d-1944b7cb9ba4}*SharedItemsImports = 9
		Libraries\SD\2.0.0\SD\SD-2.0.0.vcxitems*{2e471cef-4f61-437e-b370-b4b127d27ca6}*SharedItemsImports = 9
		Libraries\U8g2\2.32.15\U8g2\U8g2-2.32.15.vcxitems*{6a78b248-d6a8-412f-87b7-54c30298d29b}*SharedItemsImports = 9
		Libraries\Wire\1.0\Wire\Wire-1.0.vcxitems*{80ace913-2459-435b-a1ee-cbfb398dbce6}*SharedItemsImports = 9
		Libraries\SPI\1.0\SPI\SPI-1.0.vcxitems*{a5e8f9b4-d62e-470a-8bf3-56f01da6dd90}*SharedItemsImports = 9
		Libraries\Bolder_Flight_Systems_SBUS\1.0.1\Bolder_Flight_Systems_SBUS\Bolder_Flight_Systems_SBUS-1.0.1.vcxitems*{c5f80730-f44f-4478-bdae-6634efc2ca88}*SharedItemsImports = 4
		Libraries\SdFat\2.1.0\SdFat\SdFat-2.1.0.vcxitems*{c5f80730-f44f-4478-bdae-6634efc2ca88}*SharedItemsImports = 4
		Libraries\SD\2.0.0\SD\SD-2.0.0.vcxitems*{c5f80730-f44f-4478-bdae-6634efc2ca88}*SharedItemsImports = 4
		Libraries\SPI\1.0\SPI\SPI-1.0.vcxitems*{c5f80730-f44f-4478-bdae-6634efc2ca88}*SharedItemsImports = 4
		Libraries\Time\1.6.1\Time\Time-1.6.1.vcxitems*{c5f80730-f44f-4478-bdae-6634efc2ca88}*SharedItemsImports = 4
		Libraries\U8g2\2.32.15\U8g2\U8g2-2.32.15.vcxitems*{c5f80730-f44f-4478-bdae-6634efc2ca88}*SharedItemsImports = 4
		Libraries\Wire\1.0\Wire\Wire-1.0.vcxitems*{c5f80730-f44f-4478-bdae-6634efc2ca88}*SharedItemsImports = 4
		Libraries\Bolder_Flight_Systems_SBUS\1.0.1\Bolder_Flight_Systems_SBUS\Bolder_Flight_Systems_SBUS-1.0.1.vcxitems*{cab84ac5-c804-4b4e-9d5d-9543a6c6113f}*SharedItemsImports = 9
		Libraries\Time\1.6.1\Time\Time-1.6.1.vcxitems*{fb9271d8-dd8d-45fe-b857-b2527580428b}*SharedItemsImports = 9
	EndGlobalSection
	GlobalSection(SolutionConfigurationPlatforms) = preSolution
		Debug|x86 = Debug|x86
		Release|x86 = Release|x86
	EndGlobalSection
	GlobalSection(ProjectConfigurationPlatforms) = postSolution
		{C5F80730-F44F-4478-BDAE-6634EFC2CA88}.Debug|x86.ActiveCfg = Debug|Win32
		{C5F80730-F44F-4478-BDAE-6634EFC2CA88}.Debug|x86.Build.0 = Debug|Win32
		{C5F80730-F44F-4478-BDAE-6634EFC2CA88}.Release|x86.ActiveCfg = Release|Win32
		{C5F80730-F44F-4478-BDAE-6634EFC2CA88}.Release|x86.Build.0 = Release|Win32
	EndGlobalSection
	GlobalSection(SolutionProperties) = preSolution
		HideSolutionNode = FALSE
	EndGlobalSection
	GlobalSection(ExtensibilityGlobals) = postSolution
		SolutionGuid = {4E7FCB2F-9BCB-4784-916A-F746653B0428}
	EndGlobalSection
EndGlobal
